{
  "version": 4,
  "terraform_version": "1.9.7",
  "serial": 8,
  "lineage": "a8c67325-01ac-dec2-02d2-9b9e2867b971",
  "outputs": {
    "random_bytes": {
      "value": "yVwbF1y83zs=",
      "type": "string",
      "sensitive": true
    },
    "random_id": {
      "value": "TjhzQntqMNTBknvqBxB7Xpn5x9IAlARHkabGAXEj3AjJrISz7TOkX60ycDII-bQpy5vFVv6OebX7aDEbWeOZPpr1mOQ",
      "type": "string"
    },
    "random_name": {
      "value": "v2LYafiQ9ad8vEfOrb",
      "type": "string"
    },
    "random_number": {
      "value": 47932,
      "type": "number"
    },
    "random_password": {
      "value": "#Exoa=i{F2(]8t:1UOx:\u003e:?t\u003cwv",
      "type": "string",
      "sensitive": true
    },
    "random_shuffle": {
      "value": [
        "us-west-1a",
        "us-west-1e",
        "us-west-1d"
      ],
      "type": [
        "list",
        "string"
      ]
    }
  },
  "resources": [
    {
      "mode": "managed",
      "type": "random_bytes",
      "name": "secret",
      "provider": "provider[\"registry.terraform.io/hashicorp/random\"]",
      "instances": [
        {
          "schema_version": 0,
          "attributes": {
            "base64": "yVwbF1y83zs=",
            "hex": "c95c1b175cbcdf3b",
            "keepers": null,
            "length": 8
          },
          "sensitive_attributes": [
            [
              {
                "type": "get_attr",
                "value": "hex"
              }
            ],
            [
              {
                "type": "get_attr",
                "value": "base64"
              }
            ]
          ]
        }
      ]
    },
    {
      "mode": "managed",
      "type": "random_id",
      "name": "server",
      "provider": "provider[\"registry.terraform.io/hashicorp/random\"]",
      "instances": [
        {
          "schema_version": 0,
          "attributes": {
            "b64_std": "TjhzQntqMNTBknvqBxB7Xpn5x9IAlARHkabGAXEj3AjJrISz7TOkX60ycDII+bQpy5vFVv6OebX7aDEbWeOZPpr1mOQ=",
            "b64_url": "TjhzQntqMNTBknvqBxB7Xpn5x9IAlARHkabGAXEj3AjJrISz7TOkX60ycDII-bQpy5vFVv6OebX7aDEbWeOZPpr1mOQ",
            "byte_length": 68,
            "dec": "17595366285590820943002391944856937914730455586784705760955183271727500802294807171124386445328453202812600516859333492086501840372899503864248756826701020202899684",
            "hex": "4e3873427b6a30d4c1927bea07107b5e99f9c7d20094044791a6c6017123dc08c9ac84b3ed33a45fad32703208f9b429cb9bc556fe8e79b5fb68311b59e3993e9af598e4",
            "id": "TjhzQntqMNTBknvqBxB7Xpn5x9IAlARHkabGAXEj3AjJrISz7TOkX60ycDII-bQpy5vFVv6OebX7aDEbWeOZPpr1mOQ",
            "keepers": null,
            "prefix": null
          },
          "sensitive_attributes": []
        }
      ]
    },
    {
      "mode": "managed",
      "type": "random_integer",
      "name": "priority",
      "provider": "provider[\"registry.terraform.io/hashicorp/random\"]",
      "instances": [
        {
          "schema_version": 0,
          "attributes": {
            "id": "47932",
            "keepers": null,
            "max": 50000,
            "min": 1,
            "result": 47932,
            "seed": null
          },
          "sensitive_attributes": []
        }
      ]
    },
    {
      "mode": "managed",
      "type": "random_password",
      "name": "password",
      "provider": "provider[\"registry.terraform.io/hashicorp/random\"]",
      "instances": [
        {
          "schema_version": 3,
          "attributes": {
            "bcrypt_hash": "$2a$10$2wOkFVaIgQlCkIuhzP6pUuQk3espz3rFAJeLS/.oPIa5KweUXSDSe",
            "id": "none",
            "keepers": null,
            "length": 27,
            "lower": true,
            "min_lower": 0,
            "min_numeric": 0,
            "min_special": 0,
            "min_upper": 0,
            "number": true,
            "numeric": true,
            "override_special": "!#$%\u0026*()-_=+[]{}\u003c\u003e:?",
            "result": "#Exoa=i{F2(]8t:1UOx:\u003e:?t\u003cwv",
            "special": true,
            "upper": true
          },
          "sensitive_attributes": [
            [
              {
                "type": "get_attr",
                "value": "result"
              }
            ],
            [
              {
                "type": "get_attr",
                "value": "bcrypt_hash"
              }
            ]
          ]
        }
      ]
    },
    {
      "mode": "managed",
      "type": "random_shuffle",
      "name": "az",
      "provider": "provider[\"registry.terraform.io/hashicorp/random\"]",
      "instances": [
        {
          "schema_version": 0,
          "attributes": {
            "id": "-",
            "input": [
              "us-west-1a",
              "us-west-1c",
              "us-west-1d",
              "us-west-1e"
            ],
            "keepers": null,
            "result": [
              "us-west-1a",
              "us-west-1e",
              "us-west-1d"
            ],
            "result_count": 3,
            "seed": null
          },
          "sensitive_attributes": []
        }
      ]
    },
    {
      "mode": "managed",
      "type": "random_string",
      "name": "random",
      "provider": "provider[\"registry.terraform.io/hashicorp/random\"]",
      "instances": [
        {
          "schema_version": 2,
          "attributes": {
            "id": "v2LYafiQ9ad8vEfOrb",
            "keepers": null,
            "length": 18,
            "lower": true,
            "min_lower": 0,
            "min_numeric": 0,
            "min_special": 0,
            "min_upper": 0,
            "number": true,
            "numeric": true,
            "override_special": "/@£$",
            "result": "v2LYafiQ9ad8vEfOrb",
            "special": true,
            "upper": true
          },
          "sensitive_attributes": []
        }
      ]
    }
  ],
  "check_results": null
}
